
Microsoft Visual Studio Solution File, Format Version 12.00
# Visual Studio 15
VisualStudioVersion = 15.0.27428.2015
MinimumVisualStudioVersion = 10.0.40219.1
Project("{FAE04EC0-301F-11D3-BF4B-00C04F79EFBC}") = "HelloMvxForms", "HelloMvxForms\HelloMvxForms\HelloMvxForms.csproj", "{777FDDA7-9CBD-4486-8DF4-D35ECE6AF713}"
EndProject
Project("{FAE04EC0-301F-11D3-BF4B-00C04F79EFBC}") = "HelloMvxForms.Android", "HelloMvxForms\HelloMvxForms.Android\HelloMvxForms.Android.csproj", "{521ECFE7-F2AE-4336-9289-0ABABBABD648}"
EndProject
Project("{FAE04EC0-301F-11D3-BF4B-00C04F79EFBC}") = "HelloMvxForms.iOS", "HelloMvxForms\HelloMvxForms.iOS\HelloMvxForms.iOS.csproj", "{09B61F1E-B8CF-4336-BC07-D7096853ED07}"
EndProject
Project("{FAE04EC0-301F-11D3-BF4B-00C04F79EFBC}") = "HelloMvxForms.UWP", "HelloMvxForms\HelloMvxForms.UWP\HelloMvxForms.UWP.csproj", "{CDE10BC9-5C7A-42CC-A543-8DBE4EB4CBFD}"
EndProject
Global
	GlobalSection(SolutionConfigurationPlatforms) = preSolution
		Ad-Hoc|Any CPU = Ad-Hoc|Any CPU
		Ad-Hoc|ARM = Ad-Hoc|ARM
		Ad-Hoc|iPhone = Ad-Hoc|iPhone
		Ad-Hoc|iPhoneSimulator = Ad-Hoc|iPhoneSimulator
		Ad-Hoc|x64 = Ad-Hoc|x64
		Ad-Hoc|x86 = Ad-Hoc|x86
		AppStore|Any CPU = AppStore|Any CPU
		AppStore|ARM = AppStore|ARM
		AppStore|iPhone = AppStore|iPhone
		AppStore|iPhoneSimulator = AppStore|iPhoneSimulator
		AppStore|x64 = AppStore|x64
		AppStore|x86 = AppStore|x86
		Debug|Any CPU = Debug|Any CPU
		Debug|ARM = Debug|ARM
		Debug|iPhone = Debug|iPhone
		Debug|iPhoneSimulator = Debug|iPhoneSimulator
		Debug|x64 = Debug|x64
		Debug|x86 = Debug|x86
		Release|Any CPU = Release|Any CPU
		Release|ARM = Release|ARM
		Release|iPhone = Release|iPhone
		Release|iPhoneSimulator = Release|iPhoneSimulator
		Release|x64 = Release|x64
		Release|x86 = Release|x86
	EndGlobalSection
	GlobalSection(ProjectConfigurationPlatforms) = postSolution
		{777FDDA7-9CBD-4486-8DF4-D35ECE6AF713}.Ad-Hoc|Any CPU.ActiveCfg = Debug|Any CPU
		{777FDDA7-9CBD-4486-8DF4-D35ECE6AF713}.Ad-Hoc|Any CPU.Build.0 = Debug|Any CPU
		{777FDDA7-9CBD-4486-8DF4-D35ECE6AF713}.Ad-Hoc|Any CPU.Deploy.0 = Debug|Any CPU
		{777FDDA7-9CBD-4486-8DF4-D35ECE6AF713}.Ad-Hoc|ARM.ActiveCfg = Debug|Any CPU
		{777FDDA7-9CBD-4486-8DF4-D35ECE6AF713}.Ad-Hoc|ARM.Build.0 = Debug|Any CPU
		{777FDDA7-9CBD-4486-8DF4-D35ECE6AF713}.Ad-Hoc|ARM.Deploy.0 = Debug|Any CPU
		{777FDDA7-9CBD-4486-8DF4-D35ECE6AF713}.Ad-Hoc|iPhone.ActiveCfg = Debug|Any CPU
		{777FDDA7-9CBD-4486-8DF4-D35ECE6AF713}.Ad-Hoc|iPhone.Build.0 = Debug|Any CPU
		{777FDDA7-9CBD-4486-8DF4-D35ECE6AF713}.Ad-Hoc|iPhone.Deploy.0 = Debug|Any CPU
		{777FDDA7-9CBD-4486-8DF4-D35ECE6AF713}.Ad-Hoc|iPhoneSimulator.ActiveCfg = Debug|Any CPU
		{777FDDA7-9CBD-4486-8DF4-D35ECE6AF713}.Ad-Hoc|iPhoneSimulator.Build.0 = Debug|Any CPU
		{777FDDA7-9CBD-4486-8DF4-D35ECE6AF713}.Ad-Hoc|iPhoneSimulator.Deploy.0 = Debug|Any CPU
		{777FDDA7-9CBD-4486-8DF4-D35ECE6AF713}.Ad-Hoc|x64.ActiveCfg = Debug|Any CPU
		{777FDDA7-9CBD-4486-8DF4-D35ECE6AF713}.Ad-Hoc|x64.Build.0 = Debug|Any CPU
		{777FDDA7-9CBD-4486-8DF4-D35ECE6AF713}.Ad-Hoc|x64.Deploy.0 = Debug|Any CPU
		{777FDDA7-9CBD-4486-8DF4-D35ECE6AF713}.Ad-Hoc|x86.ActiveCfg = Debug|Any CPU
		{777FDDA7-9CBD-4486-8DF4-D35ECE6AF713}.Ad-Hoc|x86.Build.0 = Debug|Any CPU
		{777FDDA7-9CBD-4486-8DF4-D35ECE6AF713}.Ad-Hoc|x86.Deploy.0 = Debug|Any CPU
		{777FDDA7-9CBD-4486-8DF4-D35ECE6AF713}.AppStore|Any CPU.ActiveCfg = Debug|Any CPU
		{777FDDA7-9CBD-4486-8DF4-D35ECE6AF713}.AppStore|Any CPU.Build.0 = Debug|Any CPU
		{777FDDA7-9CBD-4486-8DF4-D35ECE6AF713}.AppStore|Any CPU.Deploy.0 = Debug|Any CPU
		{777FDDA7-9CBD-4486-8DF4-D35ECE6AF713}.AppStore|ARM.ActiveCfg = Debug|Any CPU
		{777FDDA7-9CBD-4486-8DF4-D35ECE6AF713}.AppStore|ARM.Build.0 = Debug|Any CPU
		{777FDDA7-9CBD-4486-8DF4-D35ECE6AF713}.AppStore|ARM.Deploy.0 = Debug|Any CPU
		{777FDDA7-9CBD-4486-8DF4-D35ECE6AF713}.AppStore|iPhone.ActiveCfg = Debug|Any CPU
		{777FDDA7-9CBD-4486-8DF4-D35ECE6AF713}.AppStore|iPhone.Build.0 = Debug|Any CPU
		{777FDDA7-9CBD-4486-8DF4-D35ECE6AF713}.AppStore|iPhone.Deploy.0 = Debug|Any CPU
		{777FDDA7-9CBD-4486-8DF4-D35ECE6AF713}.AppStore|iPhoneSimulator.ActiveCfg = Debug|Any CPU
		{777FDDA7-9CBD-4486-8DF4-D35ECE6AF713}.AppStore|iPhoneSimulator.Build.0 = Debug|Any CPU
		{777FDDA7-9CBD-4486-8DF4-D35ECE6AF713}.AppStore|iPhoneSimulator.Deploy.0 = Debug|Any CPU
		{777FDDA7-9CBD-4486-8DF4-D35ECE6AF713}.AppStore|x64.ActiveCfg = Debug|Any CPU
		{777FDDA7-9CBD-4486-8DF4-D35ECE6AF713}.AppStore|x64.Build.0 = Debug|Any CPU
		{777FDDA7-9CBD-4486-8DF4-D35ECE6AF713}.AppStore|x64.Deploy.0 = Debug|Any CPU
		{777FDDA7-9CBD-4486-8DF4-D35ECE6AF713}.AppStore|x86.ActiveCfg = Debug|Any CPU
		{777FDDA7-9CBD-4486-8DF4-D35ECE6AF713}.AppStore|x86.Build.0 = Debug|Any CPU
		{777FDDA7-9CBD-4486-8DF4-D35ECE6AF713}.AppStore|x86.Deploy.0 = Debug|Any CPU
		{777FDDA7-9CBD-4486-8DF4-D35ECE6AF713}.Debug|Any CPU.ActiveCfg = Debug|Any CPU
		{777FDDA7-9CBD-4486-8DF4-D35ECE6AF713}.Debug|Any CPU.Build.0 = Debug|Any CPU
		{777FDDA7-9CBD-4486-8DF4-D35ECE6AF713}.Debug|Any CPU.Deploy.0 = Debug|Any CPU
		{777FDDA7-9CBD-4486-8DF4-D35ECE6AF713}.Debug|ARM.ActiveCfg = Debug|Any CPU
		{777FDDA7-9CBD-4486-8DF4-D35ECE6AF713}.Debug|ARM.Build.0 = Debug|Any CPU
		{777FDDA7-9CBD-4486-8DF4-D35ECE6AF713}.Debug|ARM.Deploy.0 = Debug|Any CPU
		{777FDDA7-9CBD-4486-8DF4-D35ECE6AF713}.Debug|iPhone.ActiveCfg = Debug|Any CPU
		{777FDDA7-9CBD-4486-8DF4-D35ECE6AF713}.Debug|iPhone.Build.0 = Debug|Any CPU
		{777FDDA7-9CBD-4486-8DF4-D35ECE6AF713}.Debug|iPhone.Deploy.0 = Debug|Any CPU
		{777FDDA7-9CBD-4486-8DF4-D35ECE6AF713}.Debug|iPhoneSimulator.ActiveCfg = Debug|Any CPU
		{777FDDA7-9CBD-4486-8DF4-D35ECE6AF713}.Debug|iPhoneSimulator.Build.0 = Debug|Any CPU
		{777FDDA7-9CBD-4486-8DF4-D35ECE6AF713}.Debug|iPhoneSimulator.Deploy.0 = Debug|Any CPU
		{777FDDA7-9CBD-4486-8DF4-D35ECE6AF713}.Debug|x64.ActiveCfg = Debug|Any CPU
		{777FDDA7-9CBD-4486-8DF4-D35ECE6AF713}.Debug|x64.Build.0 = Debug|Any CPU
		{777FDDA7-9CBD-4486-8DF4-D35ECE6AF713}.Debug|x64.Deploy.0 = Debug|Any CPU
		{777FDDA7-9CBD-4486-8DF4-D35ECE6AF713}.Debug|x86.ActiveCfg = Debug|Any CPU
		{777FDDA7-9CBD-4486-8DF4-D35ECE6AF713}.Debug|x86.Build.0 = Debug|Any CPU
		{777FDDA7-9CBD-4486-8DF4-D35ECE6AF713}.Debug|x86.Deploy.0 = Debug|Any CPU
		{777FDDA7-9CBD-4486-8DF4-D35ECE6AF713}.Release|Any CPU.ActiveCfg = Release|Any CPU
		{777FDDA7-9CBD-4486-8DF4-D35ECE6AF713}.Release|Any CPU.Build.0 = Release|Any CPU
		{777FDDA7-9CBD-4486-8DF4-D35ECE6AF713}.Release|Any CPU.Deploy.0 = Release|Any CPU
		{777FDDA7-9CBD-4486-8DF4-D35ECE6AF713}.Release|ARM.ActiveCfg = Release|Any CPU
		{777FDDA7-9CBD-4486-8DF4-D35ECE6AF713}.Release|ARM.Build.0 = Release|Any CPU
		{777FDDA7-9CBD-4486-8DF4-D35ECE6AF713}.Release|ARM.Deploy.0 = Release|Any CPU
		{777FDDA7-9CBD-4486-8DF4-D35ECE6AF713}.Release|iPhone.ActiveCfg = Release|Any CPU
		{777FDDA7-9CBD-4486-8DF4-D35ECE6AF713}.Release|iPhone.Build.0 = Release|Any CPU
		{777FDDA7-9CBD-4486-8DF4-D35ECE6AF713}.Release|iPhone.Deploy.0 = Release|Any CPU
		{777FDDA7-9CBD-4486-8DF4-D35ECE6AF713}.Release|iPhoneSimulator.ActiveCfg = Release|Any CPU
		{777FDDA7-9CBD-4486-8DF4-D35ECE6AF713}.Release|iPhoneSimulator.Build.0 = Release|Any CPU
		{777FDDA7-9CBD-4486-8DF4-D35ECE6AF713}.Release|iPhoneSimulator.Deploy.0 = Release|Any CPU
		{777FDDA7-9CBD-4486-8DF4-D35ECE6AF713}.Release|x64.ActiveCfg = Release|Any CPU
		{777FDDA7-9CBD-4486-8DF4-D35ECE6AF713}.Release|x64.Build.0 = Release|Any CPU
		{777FDDA7-9CBD-4486-8DF4-D35ECE6AF713}.Release|x64.Deploy.0 = Release|Any CPU
		{777FDDA7-9CBD-4486-8DF4-D35ECE6AF713}.Release|x86.ActiveCfg = Release|Any CPU
		{777FDDA7-9CBD-4486-8DF4-D35ECE6AF713}.Release|x86.Build.0 = Release|Any CPU
		{777FDDA7-9CBD-4486-8DF4-D35ECE6AF713}.Release|x86.Deploy.0 = Release|Any CPU
		{521ECFE7-F2AE-4336-9289-0ABABBABD648}.Ad-Hoc|Any CPU.ActiveCfg = Release|Any CPU
		{521ECFE7-F2AE-4336-9289-0ABABBABD648}.Ad-Hoc|Any CPU.Build.0 = Release|Any CPU
		{521ECFE7-F2AE-4336-9289-0ABABBABD648}.Ad-Hoc|Any CPU.Deploy.0 = Release|Any CPU
		{521ECFE7-F2AE-4336-9289-0ABABBABD648}.Ad-Hoc|ARM.ActiveCfg = Release|Any CPU
		{521ECFE7-F2AE-4336-9289-0ABABBABD648}.Ad-Hoc|ARM.Build.0 = Release|Any CPU
		{521ECFE7-F2AE-4336-9289-0ABABBABD648}.Ad-Hoc|ARM.Deploy.0 = Release|Any CPU
		{521ECFE7-F2AE-4336-9289-0ABABBABD648}.Ad-Hoc|iPhone.ActiveCfg = Release|Any CPU
		{521ECFE7-F2AE-4336-9289-0ABABBABD648}.Ad-Hoc|iPhone.Build.0 = Release|Any CPU
		{521ECFE7-F2AE-4336-9289-0ABABBABD648}.Ad-Hoc|iPhone.Deploy.0 = Release|Any CPU
		{521ECFE7-F2AE-4336-9289-0ABABBABD648}.Ad-Hoc|iPhoneSimulator.ActiveCfg = Release|Any CPU
		{521ECFE7-F2AE-4336-9289-0ABABBABD648}.Ad-Hoc|iPhoneSimulator.Build.0 = Release|Any CPU
		{521ECFE7-F2AE-4336-9289-0ABABBABD648}.Ad-Hoc|iPhoneSimulator.Deploy.0 = Release|Any CPU
		{521ECFE7-F2AE-4336-9289-0ABABBABD648}.Ad-Hoc|x64.ActiveCfg = Release|Any CPU
		{521ECFE7-F2AE-4336-9289-0ABABBABD648}.Ad-Hoc|x64.Build.0 = Release|Any CPU
		{521ECFE7-F2AE-4336-9289-0ABABBABD648}.Ad-Hoc|x64.Deploy.0 = Release|Any CPU
		{521ECFE7-F2AE-4336-9289-0ABABBABD648}.Ad-Hoc|x86.ActiveCfg = Release|Any CPU
		{521ECFE7-F2AE-4336-9289-0ABABBABD648}.Ad-Hoc|x86.Build.0 = Release|Any CPU
		{521ECFE7-F2AE-4336-9289-0ABABBABD648}.Ad-Hoc|x86.Deploy.0 = Release|Any CPU
		{521ECFE7-F2AE-4336-9289-0ABABBABD648}.AppStore|Any CPU.ActiveCfg = Release|Any CPU
		{521ECFE7-F2AE-4336-9289-0ABABBABD648}.AppStore|Any CPU.Build.0 = Release|Any CPU
		{521ECFE7-F2AE-4336-9289-0ABABBABD648}.AppStore|Any CPU.Deploy.0 = Release|Any CPU
		{521ECFE7-F2AE-4336-9289-0ABABBABD648}.AppStore|ARM.ActiveCfg = Release|Any CPU
		{521ECFE7-F2AE-4336-9289-0ABABBABD648}.AppStore|ARM.Build.0 = Release|Any CPU
		{521ECFE7-F2AE-4336-9289-0ABABBABD648}.AppStore|ARM.Deploy.0 = Release|Any CPU
		{521ECFE7-F2AE-4336-9289-0ABABBABD648}.AppStore|iPhone.ActiveCfg = Release|Any CPU
		{521ECFE7-F2AE-4336-9289-0ABABBABD648}.AppStore|iPhone.Build.0 = Release|Any CPU
		{521ECFE7-F2AE-4336-9289-0ABABBABD648}.AppStore|iPhone.Deploy.0 = Release|Any CPU
		{521ECFE7-F2AE-4336-9289-0ABABBABD648}.AppStore|iPhoneSimulator.ActiveCfg = Release|Any CPU
		{521ECFE7-F2AE-4336-9289-0ABABBABD648}.AppStore|iPhoneSimulator.Build.0 = Release|Any CPU
		{521ECFE7-F2AE-4336-9289-0ABABBABD648}.AppStore|iPhoneSimulator.Deploy.0 = Release|Any CPU
		{521ECFE7-F2AE-4336-9289-0ABABBABD648}.AppStore|x64.ActiveCfg = Release|Any CPU
		{521ECFE7-F2AE-4336-9289-0ABABBABD648}.AppStore|x64.Build.0 = Release|Any CPU
		{521ECFE7-F2AE-4336-9289-0ABABBABD648}.AppStore|x64.Deploy.0 = Release|Any CPU
		{521ECFE7-F2AE-4336-9289-0ABABBABD648}.AppStore|x86.ActiveCfg = Release|Any CPU
		{521ECFE7-F2AE-4336-9289-0ABABBABD648}.AppStore|x86.Build.0 = Release|Any CPU
		{521ECFE7-F2AE-4336-9289-0ABABBABD648}.AppStore|x86.Deploy.0 = Release|Any CPU
		{521ECFE7-F2AE-4336-9289-0ABABBABD648}.Debug|Any CPU.ActiveCfg = Debug|Any CPU
		{521ECFE7-F2AE-4336-9289-0ABABBABD648}.Debug|Any CPU.Build.0 = Debug|Any CPU
		{521ECFE7-F2AE-4336-9289-0ABABBABD648}.Debug|Any CPU.Deploy.0 = Debug|Any CPU
		{521ECFE7-F2AE-4336-9289-0ABABBABD648}.Debug|ARM.ActiveCfg = Debug|Any CPU
		{521ECFE7-F2AE-4336-9289-0ABABBABD648}.Debug|ARM.Build.0 = Debug|Any CPU
		{521ECFE7-F2AE-4336-9289-0ABABBABD648}.Debug|ARM.Deploy.0 = Debug|Any CPU
		{521ECFE7-F2AE-4336-9289-0ABABBABD648}.Debug|iPhone.ActiveCfg = Debug|Any CPU
		{521ECFE7-F2AE-4336-9289-0ABABBABD648}.Debug|iPhone.Build.0 = Debug|Any CPU
		{521ECFE7-F2AE-4336-9289-0ABABBABD648}.Debug|iPhone.Deploy.0 = Debug|Any CPU
		{521ECFE7-F2AE-4336-9289-0ABABBABD648}.Debug|iPhoneSimulator.ActiveCfg = Debug|Any CPU
		{521ECFE7-F2AE-4336-9289-0ABABBABD648}.Debug|iPhoneSimulator.Build.0 = Debug|Any CPU
		{521ECFE7-F2AE-4336-9289-0ABABBABD648}.Debug|iPhoneSimulator.Deploy.0 = Debug|Any CPU
		{521ECFE7-F2AE-4336-9289-0ABABBABD648}.Debug|x64.ActiveCfg = Debug|Any CPU
		{521ECFE7-F2AE-4336-9289-0ABABBABD648}.Debug|x64.Build.0 = Debug|Any CPU
		{521ECFE7-F2AE-4336-9289-0ABABBABD648}.Debug|x64.Deploy.0 = Debug|Any CPU
		{521ECFE7-F2AE-4336-9289-0ABABBABD648}.Debug|x86.ActiveCfg = Debug|Any CPU
		{521ECFE7-F2AE-4336-9289-0ABABBABD648}.Debug|x86.Build.0 = Debug|Any CPU
		{521ECFE7-F2AE-4336-9289-0ABABBABD648}.Debug|x86.Deploy.0 = Debug|Any CPU
		{521ECFE7-F2AE-4336-9289-0ABABBABD648}.Release|Any CPU.ActiveCfg = Release|Any CPU
		{521ECFE7-F2AE-4336-9289-0ABABBABD648}.Release|Any CPU.Build.0 = Release|Any CPU
		{521ECFE7-F2AE-4336-9289-0ABABBABD648}.Release|Any CPU.Deploy.0 = Release|Any CPU
		{521ECFE7-F2AE-4336-9289-0ABABBABD648}.Release|ARM.ActiveCfg = Release|Any CPU
		{521ECFE7-F2AE-4336-9289-0ABABBABD648}.Release|ARM.Build.0 = Release|Any CPU
		{521ECFE7-F2AE-4336-9289-0ABABBABD648}.Release|ARM.Deploy.0 = Release|Any CPU
		{521ECFE7-F2AE-4336-9289-0ABABBABD648}.Release|iPhone.ActiveCfg = Release|Any CPU
		{521ECFE7-F2AE-4336-9289-0ABABBABD648}.Release|iPhone.Build.0 = Release|Any CPU
		{521ECFE7-F2AE-4336-9289-0ABABBABD648}.Release|iPhone.Deploy.0 = Release|Any CPU
		{521ECFE7-F2AE-4336-9289-0ABABBABD648}.Release|iPhoneSimulator.ActiveCfg = Release|Any CPU
		{521ECFE7-F2AE-4336-9289-0ABABBABD648}.Release|iPhoneSimulator.Build.0 = Release|Any CPU
		{521ECFE7-F2AE-4336-9289-0ABABBABD648}.Release|iPhoneSimulator.Deploy.0 = Release|Any CPU
		{521ECFE7-F2AE-4336-9289-0ABABBABD648}.Release|x64.ActiveCfg = Release|Any CPU
		{521ECFE7-F2AE-4336-9289-0ABABBABD648}.Release|x64.Build.0 = Release|Any CPU
		{521ECFE7-F2AE-4336-9289-0ABABBABD648}.Release|x64.Deploy.0 = Release|Any CPU
		{521ECFE7-F2AE-4336-9289-0ABABBABD648}.Release|x86.ActiveCfg = Release|Any CPU
		{521ECFE7-F2AE-4336-9289-0ABABBABD648}.Release|x86.Build.0 = Release|Any CPU
		{521ECFE7-F2AE-4336-9289-0ABABBABD648}.Release|x86.Deploy.0 = Release|Any CPU
		{09B61F1E-B8CF-4336-BC07-D7096853ED07}.Ad-Hoc|Any CPU.ActiveCfg = Ad-Hoc|iPhone
		{09B61F1E-B8CF-4336-BC07-D7096853ED07}.Ad-Hoc|Any CPU.Build.0 = Ad-Hoc|iPhone
		{09B61F1E-B8CF-4336-BC07-D7096853ED07}.Ad-Hoc|Any CPU.Deploy.0 = Ad-Hoc|iPhone
		{09B61F1E-B8CF-4336-BC07-D7096853ED07}.Ad-Hoc|ARM.ActiveCfg = Ad-Hoc|iPhone
		{09B61F1E-B8CF-4336-BC07-D7096853ED07}.Ad-Hoc|ARM.Build.0 = Ad-Hoc|iPhone
		{09B61F1E-B8CF-4336-BC07-D7096853ED07}.Ad-Hoc|ARM.Deploy.0 = Ad-Hoc|iPhone
		{09B61F1E-B8CF-4336-BC07-D7096853ED07}.Ad-Hoc|iPhone.ActiveCfg = Ad-Hoc|iPhone
		{09B61F1E-B8CF-4336-BC07-D7096853ED07}.Ad-Hoc|iPhone.Build.0 = Ad-Hoc|iPhone
		{09B61F1E-B8CF-4336-BC07-D7096853ED07}.Ad-Hoc|iPhone.Deploy.0 = Ad-Hoc|iPhone
		{09B61F1E-B8CF-4336-BC07-D7096853ED07}.Ad-Hoc|iPhoneSimulator.ActiveCfg = Ad-Hoc|iPhoneSimulator
		{09B61F1E-B8CF-4336-BC07-D7096853ED07}.Ad-Hoc|iPhoneSimulator.Build.0 = Ad-Hoc|iPhoneSimulator
		{09B61F1E-B8CF-4336-BC07-D7096853ED07}.Ad-Hoc|iPhoneSimulator.Deploy.0 = Ad-Hoc|iPhoneSimulator
		{09B61F1E-B8CF-4336-BC07-D7096853ED07}.Ad-Hoc|x64.ActiveCfg = Ad-Hoc|iPhone
		{09B61F1E-B8CF-4336-BC07-D7096853ED07}.Ad-Hoc|x64.Build.0 = Ad-Hoc|iPhone
		{09B61F1E-B8CF-4336-BC07-D7096853ED07}.Ad-Hoc|x64.Deploy.0 = Ad-Hoc|iPhone
		{09B61F1E-B8CF-4336-BC07-D7096853ED07}.Ad-Hoc|x86.ActiveCfg = Ad-Hoc|iPhone
		{09B61F1E-B8CF-4336-BC07-D7096853ED07}.Ad-Hoc|x86.Build.0 = Ad-Hoc|iPhone
		{09B61F1E-B8CF-4336-BC07-D7096853ED07}.Ad-Hoc|x86.Deploy.0 = Ad-Hoc|iPhone
		{09B61F1E-B8CF-4336-BC07-D7096853ED07}.AppStore|Any CPU.ActiveCfg = AppStore|iPhone
		{09B61F1E-B8CF-4336-BC07-D7096853ED07}.AppStore|Any CPU.Build.0 = AppStore|iPhone
		{09B61F1E-B8CF-4336-BC07-D7096853ED07}.AppStore|Any CPU.Deploy.0 = AppStore|iPhone
		{09B61F1E-B8CF-4336-BC07-D7096853ED07}.AppStore|ARM.ActiveCfg = AppStore|iPhone
		{09B61F1E-B8CF-4336-BC07-D7096853ED07}.AppStore|ARM.Build.0 = AppStore|iPhone
		{09B61F1E-B8CF-4336-BC07-D7096853ED07}.AppStore|ARM.Deploy.0 = AppStore|iPhone
		{09B61F1E-B8CF-4336-BC07-D7096853ED07}.AppStore|iPhone.ActiveCfg = AppStore|iPhone
		{09B61F1E-B8CF-4336-BC07-D7096853ED07}.AppStore|iPhone.Build.0 = AppStore|iPhone
		{09B61F1E-B8CF-4336-BC07-D7096853ED07}.AppStore|iPhone.Deploy.0 = AppStore|iPhone
		{09B61F1E-B8CF-4336-BC07-D7096853ED07}.AppStore|iPhoneSimulator.ActiveCfg = AppStore|iPhoneSimulator
		{09B61F1E-B8CF-4336-BC07-D7096853ED07}.AppStore|iPhoneSimulator.Build.0 = AppStore|iPhoneSimulator
		{09B61F1E-B8CF-4336-BC07-D7096853ED07}.AppStore|iPhoneSimulator.Deploy.0 = AppStore|iPhoneSimulator
		{09B61F1E-B8CF-4336-BC07-D7096853ED07}.AppStore|x64.ActiveCfg = AppStore|iPhone
		{09B61F1E-B8CF-4336-BC07-D7096853ED07}.AppStore|x64.Build.0 = AppStore|iPhone
		{09B61F1E-B8CF-4336-BC07-D7096853ED07}.AppStore|x64.Deploy.0 = AppStore|iPhone
		{09B61F1E-B8CF-4336-BC07-D7096853ED07}.AppStore|x86.ActiveCfg = AppStore|iPhone
		{09B61F1E-B8CF-4336-BC07-D7096853ED07}.AppStore|x86.Build.0 = AppStore|iPhone
		{09B61F1E-B8CF-4336-BC07-D7096853ED07}.AppStore|x86.Deploy.0 = AppStore|iPhone
		{09B61F1E-B8CF-4336-BC07-D7096853ED07}.Debug|Any CPU.ActiveCfg = Debug|iPhoneSimulator
		{09B61F1E-B8CF-4336-BC07-D7096853ED07}.Debug|Any CPU.Build.0 = Debug|iPhoneSimulator
		{09B61F1E-B8CF-4336-BC07-D7096853ED07}.Debug|Any CPU.Deploy.0 = Debug|iPhoneSimulator
		{09B61F1E-B8CF-4336-BC07-D7096853ED07}.Debug|ARM.ActiveCfg = Debug|iPhone
		{09B61F1E-B8CF-4336-BC07-D7096853ED07}.Debug|ARM.Build.0 = Debug|iPhone
		{09B61F1E-B8CF-4336-BC07-D7096853ED07}.Debug|ARM.Deploy.0 = Debug|iPhone
		{09B61F1E-B8CF-4336-BC07-D7096853ED07}.Debug|iPhone.ActiveCfg = Debug|iPhone
		{09B61F1E-B8CF-4336-BC07-D7096853ED07}.Debug|iPhone.Build.0 = Debug|iPhone
		{09B61F1E-B8CF-4336-BC07-D7096853ED07}.Debug|iPhone.Deploy.0 = Debug|iPhone
		{09B61F1E-B8CF-4336-BC07-D7096853ED07}.Debug|iPhoneSimulator.ActiveCfg = Debug|iPhoneSimulator
		{09B61F1E-B8CF-4336-BC07-D7096853ED07}.Debug|iPhoneSimulator.Build.0 = Debug|iPhoneSimulator
		{09B61F1E-B8CF-4336-BC07-D7096853ED07}.Debug|iPhoneSimulator.Deploy.0 = Debug|iPhoneSimulator
		{09B61F1E-B8CF-4336-BC07-D7096853ED07}.Debug|x64.ActiveCfg = Debug|iPhone
		{09B61F1E-B8CF-4336-BC07-D7096853ED07}.Debug|x64.Build.0 = Debug|iPhone
		{09B61F1E-B8CF-4336-BC07-D7096853ED07}.Debug|x64.Deploy.0 = Debug|iPhone
		{09B61F1E-B8CF-4336-BC07-D7096853ED07}.Debug|x86.ActiveCfg = Debug|iPhone
		{09B61F1E-B8CF-4336-BC07-D7096853ED07}.Debug|x86.Build.0 = Debug|iPhone
		{09B61F1E-B8CF-4336-BC07-D7096853ED07}.Debug|x86.Deploy.0 = Debug|iPhone
		{09B61F1E-B8CF-4336-BC07-D7096853ED07}.Release|Any CPU.ActiveCfg = Release|iPhone
		{09B61F1E-B8CF-4336-BC07-D7096853ED07}.Release|Any CPU.Build.0 = Release|iPhone
		{09B61F1E-B8CF-4336-BC07-D7096853ED07}.Release|Any CPU.Deploy.0 = Release|iPhone
		{09B61F1E-B8CF-4336-BC07-D7096853ED07}.Release|ARM.ActiveCfg = Release|iPhone
		{09B61F1E-B8CF-4336-BC07-D7096853ED07}.Release|ARM.Build.0 = Release|iPhone
		{09B61F1E-B8CF-4336-BC07-D7096853ED07}.Release|ARM.Deploy.0 = Release|iPhone
		{09B61F1E-B8CF-4336-BC07-D7096853ED07}.Release|iPhone.ActiveCfg = Release|iPhone
		{09B61F1E-B8CF-4336-BC07-D7096853ED07}.Release|iPhone.Build.0 = Release|iPhone
		{09B61F1E-B8CF-4336-BC07-D7096853ED07}.Release|iPhone.Deploy.0 = Release|iPhone
		{09B61F1E-B8CF-4336-BC07-D7096853ED07}.Release|iPhoneSimulator.ActiveCfg = Release|iPhoneSimulator
		{09B61F1E-B8CF-4336-BC07-D7096853ED07}.Release|iPhoneSimulator.Build.0 = Release|iPhoneSimulator
		{09B61F1E-B8CF-4336-BC07-D7096853ED07}.Release|iPhoneSimulator.Deploy.0 = Release|iPhoneSimulator
		{09B61F1E-B8CF-4336-BC07-D7096853ED07}.Release|x64.ActiveCfg = Release|iPhone
		{09B61F1E-B8CF-4336-BC07-D7096853ED07}.Release|x64.Build.0 = Release|iPhone
		{09B61F1E-B8CF-4336-BC07-D7096853ED07}.Release|x64.Deploy.0 = Release|iPhone
		{09B61F1E-B8CF-4336-BC07-D7096853ED07}.Release|x86.ActiveCfg = Release|iPhone
		{09B61F1E-B8CF-4336-BC07-D7096853ED07}.Release|x86.Build.0 = Release|iPhone
		{09B61F1E-B8CF-4336-BC07-D7096853ED07}.Release|x86.Deploy.0 = Release|iPhone
		{CDE10BC9-5C7A-42CC-A543-8DBE4EB4CBFD}.Ad-Hoc|Any CPU.ActiveCfg = Release|x86
		{CDE10BC9-5C7A-42CC-A543-8DBE4EB4CBFD}.Ad-Hoc|Any CPU.Build.0 = Release|x86
		{CDE10BC9-5C7A-42CC-A543-8DBE4EB4CBFD}.Ad-Hoc|Any CPU.Deploy.0 = Release|x86
		{CDE10BC9-5C7A-42CC-A543-8DBE4EB4CBFD}.Ad-Hoc|ARM.ActiveCfg = Release|ARM
		{CDE10BC9-5C7A-42CC-A543-8DBE4EB4CBFD}.Ad-Hoc|ARM.Build.0 = Release|ARM
		{CDE10BC9-5C7A-42CC-A543-8DBE4EB4CBFD}.Ad-Hoc|ARM.Deploy.0 = Release|ARM
		{CDE10BC9-5C7A-42CC-A543-8DBE4EB4CBFD}.Ad-Hoc|iPhone.ActiveCfg = Release|x86
		{CDE10BC9-5C7A-42CC-A543-8DBE4EB4CBFD}.Ad-Hoc|iPhone.Build.0 = Release|x86
		{CDE10BC9-5C7A-42CC-A543-8DBE4EB4CBFD}.Ad-Hoc|iPhone.Deploy.0 = Release|x86
		{CDE10BC9-5C7A-42CC-A543-8DBE4EB4CBFD}.Ad-Hoc|iPhoneSimulator.ActiveCfg = Release|x86
		{CDE10BC9-5C7A-42CC-A543-8DBE4EB4CBFD}.Ad-Hoc|iPhoneSimulator.Build.0 = Release|x86
		{CDE10BC9-5C7A-42CC-A543-8DBE4EB4CBFD}.Ad-Hoc|iPhoneSimulator.Deploy.0 = Release|x86
		{CDE10BC9-5C7A-42CC-A543-8DBE4EB4CBFD}.Ad-Hoc|x64.ActiveCfg = Release|x64
		{CDE10BC9-5C7A-42CC-A543-8DBE4EB4CBFD}.Ad-Hoc|x64.Build.0 = Release|x64
		{CDE10BC9-5C7A-42CC-A543-8DBE4EB4CBFD}.Ad-Hoc|x64.Deploy.0 = Release|x64
		{CDE10BC9-5C7A-42CC-A543-8DBE4EB4CBFD}.Ad-Hoc|x86.ActiveCfg = Release|x86
		{CDE10BC9-5C7A-42CC-A543-8DBE4EB4CBFD}.Ad-Hoc|x86.Build.0 = Release|x86
		{CDE10BC9-5C7A-42CC-A543-8DBE4EB4CBFD}.Ad-Hoc|x86.Deploy.0 = Release|x86
		{CDE10BC9-5C7A-42CC-A543-8DBE4EB4CBFD}.AppStore|Any CPU.ActiveCfg = Release|x86
		{CDE10BC9-5C7A-42CC-A543-8DBE4EB4CBFD}.AppStore|Any CPU.Build.0 = Release|x86
		{CDE10BC9-5C7A-42CC-A543-8DBE4EB4CBFD}.AppStore|Any CPU.Deploy.0 = Release|x86
		{CDE10BC9-5C7A-42CC-A543-8DBE4EB4CBFD}.AppStore|ARM.ActiveCfg = Release|ARM
		{CDE10BC9-5C7A-42CC-A543-8DBE4EB4CBFD}.AppStore|ARM.Build.0 = Release|ARM
		{CDE10BC9-5C7A-42CC-A543-8DBE4EB4CBFD}.AppStore|ARM.Deploy.0 = Release|ARM
		{CDE10BC9-5C7A-42CC-A543-8DBE4EB4CBFD}.AppStore|iPhone.ActiveCfg = Release|x86
		{CDE10BC9-5C7A-42CC-A543-8DBE4EB4CBFD}.AppStore|iPhone.Build.0 = Release|x86
		{CDE10BC9-5C7A-42CC-A543-8DBE4EB4CBFD}.AppStore|iPhone.Deploy.0 = Release|x86
		{CDE10BC9-5C7A-42CC-A543-8DBE4EB4CBFD}.AppStore|iPhoneSimulator.ActiveCfg = Release|x86
		{CDE10BC9-5C7A-42CC-A543-8DBE4EB4CBFD}.AppStore|iPhoneSimulator.Build.0 = Release|x86
		{CDE10BC9-5C7A-42CC-A543-8DBE4EB4CBFD}.AppStore|iPhoneSimulator.Deploy.0 = Release|x86
		{CDE10BC9-5C7A-42CC-A543-8DBE4EB4CBFD}.AppStore|x64.ActiveCfg = Release|x64
		{CDE10BC9-5C7A-42CC-A543-8DBE4EB4CBFD}.AppStore|x64.Build.0 = Release|x64
		{CDE10BC9-5C7A-42CC-A543-8DBE4EB4CBFD}.AppStore|x64.Deploy.0 = Release|x64
		{CDE10BC9-5C7A-42CC-A543-8DBE4EB4CBFD}.AppStore|x86.ActiveCfg = Release|x86
		{CDE10BC9-5C7A-42CC-A543-8DBE4EB4CBFD}.AppStore|x86.Build.0 = Release|x86
		{CDE10BC9-5C7A-42CC-A543-8DBE4EB4CBFD}.AppStore|x86.Deploy.0 = Release|x86
		{CDE10BC9-5C7A-42CC-A543-8DBE4EB4CBFD}.Debug|Any CPU.ActiveCfg = Debug|x86
		{CDE10BC9-5C7A-42CC-A543-8DBE4EB4CBFD}.Debug|Any CPU.Build.0 = Debug|x86
		{CDE10BC9-5C7A-42CC-A543-8DBE4EB4CBFD}.Debug|Any CPU.Deploy.0 = Debug|x86
		{CDE10BC9-5C7A-42CC-A543-8DBE4EB4CBFD}.Debug|ARM.ActiveCfg = Debug|ARM
		{CDE10BC9-5C7A-42CC-A543-8DBE4EB4CBFD}.Debug|ARM.Build.0 = Debug|ARM
		{CDE10BC9-5C7A-42CC-A543-8DBE4EB4CBFD}.Debug|ARM.Deploy.0 = Debug|ARM
		{CDE10BC9-5C7A-42CC-A543-8DBE4EB4CBFD}.Debug|iPhone.ActiveCfg = Debug|x86
		{CDE10BC9-5C7A-42CC-A543-8DBE4EB4CBFD}.Debug|iPhone.Build.0 = Debug|x86
		{CDE10BC9-5C7A-42CC-A543-8DBE4EB4CBFD}.Debug|iPhone.Deploy.0 = Debug|x86
		{CDE10BC9-5C7A-42CC-A543-8DBE4EB4CBFD}.Debug|iPhoneSimulator.ActiveCfg = Debug|x86
		{CDE10BC9-5C7A-42CC-A543-8DBE4EB4CBFD}.Debug|iPhoneSimulator.Build.0 = Debug|x86
		{CDE10BC9-5C7A-42CC-A543-8DBE4EB4CBFD}.Debug|iPhoneSimulator.Deploy.0 = Debug|x86
		{CDE10BC9-5C7A-42CC-A543-8DBE4EB4CBFD}.Debug|x64.ActiveCfg = Debug|x64
		{CDE10BC9-5C7A-42CC-A543-8DBE4EB4CBFD}.Debug|x64.Build.0 = Debug|x64
		{CDE10BC9-5C7A-42CC-A543-8DBE4EB4CBFD}.Debug|x64.Deploy.0 = Debug|x64
		{CDE10BC9-5C7A-42CC-A543-8DBE4EB4CBFD}.Debug|x86.ActiveCfg = Debug|x86
		{CDE10BC9-5C7A-42CC-A543-8DBE4EB4CBFD}.Debug|x86.Build.0 = Debug|x86
		{CDE10BC9-5C7A-42CC-A543-8DBE4EB4CBFD}.Debug|x86.Deploy.0 = Debug|x86
		{CDE10BC9-5C7A-42CC-A543-8DBE4EB4CBFD}.Release|Any CPU.ActiveCfg = Release|x86
		{CDE10BC9-5C7A-42CC-A543-8DBE4EB4CBFD}.Release|Any CPU.Build.0 = Release|x86
		{CDE10BC9-5C7A-42CC-A543-8DBE4EB4CBFD}.Release|Any CPU.Deploy.0 = Release|x86
		{CDE10BC9-5C7A-42CC-A543-8DBE4EB4CBFD}.Release|ARM.ActiveCfg = Release|ARM
		{CDE10BC9-5C7A-42CC-A543-8DBE4EB4CBFD}.Release|ARM.Build.0 = Release|ARM
		{CDE10BC9-5C7A-42CC-A543-8DBE4EB4CBFD}.Release|ARM.Deploy.0 = Release|ARM
		{CDE10BC9-5C7A-42CC-A543-8DBE4EB4CBFD}.Release|iPhone.ActiveCfg = Release|x86
		{CDE10BC9-5C7A-42CC-A543-8DBE4EB4CBFD}.Release|iPhone.Build.0 = Release|x86
		{CDE10BC9-5C7A-42CC-A543-8DBE4EB4CBFD}.Release|iPhone.Deploy.0 = Release|x86
		{CDE10BC9-5C7A-42CC-A543-8DBE4EB4CBFD}.Release|iPhoneSimulator.ActiveCfg = Release|x86
		{CDE10BC9-5C7A-42CC-A543-8DBE4EB4CBFD}.Release|iPhoneSimulator.Build.0 = Release|x86
		{CDE10BC9-5C7A-42CC-A543-8DBE4EB4CBFD}.Release|iPhoneSimulator.Deploy.0 = Release|x86
		{CDE10BC9-5C7A-42CC-A543-8DBE4EB4CBFD}.Release|x64.ActiveCfg = Release|x64
		{CDE10BC9-5C7A-42CC-A543-8DBE4EB4CBFD}.Release|x64.Build.0 = Release|x64
		{CDE10BC9-5C7A-42CC-A543-8DBE4EB4CBFD}.Release|x64.Deploy.0 = Release|x64
		{CDE10BC9-5C7A-42CC-A543-8DBE4EB4CBFD}.Release|x86.ActiveCfg = Release|x86
		{CDE10BC9-5C7A-42CC-A543-8DBE4EB4CBFD}.Release|x86.Build.0 = Release|x86
		{CDE10BC9-5C7A-42CC-A543-8DBE4EB4CBFD}.Release|x86.Deploy.0 = Release|x86
	EndGlobalSection
	GlobalSection(SolutionProperties) = preSolution
		HideSolutionNode = FALSE
	EndGlobalSection
	GlobalSection(ExtensibilityGlobals) = postSolution
		SolutionGuid = {0D93B9B0-B8F2-417F-A580-0AA83281AFAB}
	EndGlobalSection
EndGlobal
