
Microsoft Visual Studio Solution File, Format Version 12.00
# Visual Studio 15
VisualStudioVersion = 15.0.27004.2006
MinimumVisualStudioVersion = 10.0.40219.1
Project("{FAE04EC0-301F-11D3-BF4B-00C04F79EFBC}") = "NavigationMvxForms.Android", "NavigationMvxForms\NavigationMvxForms.Android\NavigationMvxForms.Android.csproj", "{0A81EFF6-6973-4B78-BD93-FADC232FC1BF}"
EndProject
Project("{FAE04EC0-301F-11D3-BF4B-00C04F79EFBC}") = "NavigationMvxForms.Core", "NavigationMvxForms\NavigationMvxForms\NavigationMvxForms.Core.csproj", "{F7497484-47DF-4CDE-8E4E-A12F1F6DC04B}"
EndProject
Project("{FAE04EC0-301F-11D3-BF4B-00C04F79EFBC}") = "NavigationMvxForms.UWP", "NavigationMvxForms\NavigationMvxForms.UWP\NavigationMvxForms.UWP.csproj", "{2AE3F602-E5AA-4C4C-AFB1-E032A9AA742E}"
EndProject
Project("{FAE04EC0-301F-11D3-BF4B-00C04F79EFBC}") = "NavigationMvxForms.iOS", "NavigationMvxForms\NavigationMvxForms.iOS\NavigationMvxForms.iOS.csproj", "{C6240D20-C95B-494C-A3A5-3AD51F98128E}"
EndProject
Global
	GlobalSection(SolutionConfigurationPlatforms) = preSolution
		Ad-Hoc|Any CPU = Ad-Hoc|Any CPU
		Ad-Hoc|ARM = Ad-Hoc|ARM
		Ad-Hoc|iPhone = Ad-Hoc|iPhone
		Ad-Hoc|iPhoneSimulator = Ad-Hoc|iPhoneSimulator
		Ad-Hoc|x64 = Ad-Hoc|x64
		Ad-Hoc|x86 = Ad-Hoc|x86
		AppStore|Any CPU = AppStore|Any CPU
		AppStore|ARM = AppStore|ARM
		AppStore|iPhone = AppStore|iPhone
		AppStore|iPhoneSimulator = AppStore|iPhoneSimulator
		AppStore|x64 = AppStore|x64
		AppStore|x86 = AppStore|x86
		Debug|Any CPU = Debug|Any CPU
		Debug|ARM = Debug|ARM
		Debug|iPhone = Debug|iPhone
		Debug|iPhoneSimulator = Debug|iPhoneSimulator
		Debug|x64 = Debug|x64
		Debug|x86 = Debug|x86
		Release|Any CPU = Release|Any CPU
		Release|ARM = Release|ARM
		Release|iPhone = Release|iPhone
		Release|iPhoneSimulator = Release|iPhoneSimulator
		Release|x64 = Release|x64
		Release|x86 = Release|x86
	EndGlobalSection
	GlobalSection(ProjectConfigurationPlatforms) = postSolution
		{0A81EFF6-6973-4B78-BD93-FADC232FC1BF}.Ad-Hoc|Any CPU.ActiveCfg = Release|Any CPU
		{0A81EFF6-6973-4B78-BD93-FADC232FC1BF}.Ad-Hoc|Any CPU.Build.0 = Release|Any CPU
		{0A81EFF6-6973-4B78-BD93-FADC232FC1BF}.Ad-Hoc|Any CPU.Deploy.0 = Release|Any CPU
		{0A81EFF6-6973-4B78-BD93-FADC232FC1BF}.Ad-Hoc|ARM.ActiveCfg = Release|Any CPU
		{0A81EFF6-6973-4B78-BD93-FADC232FC1BF}.Ad-Hoc|ARM.Build.0 = Release|Any CPU
		{0A81EFF6-6973-4B78-BD93-FADC232FC1BF}.Ad-Hoc|ARM.Deploy.0 = Release|Any CPU
		{0A81EFF6-6973-4B78-BD93-FADC232FC1BF}.Ad-Hoc|iPhone.ActiveCfg = Release|Any CPU
		{0A81EFF6-6973-4B78-BD93-FADC232FC1BF}.Ad-Hoc|iPhone.Build.0 = Release|Any CPU
		{0A81EFF6-6973-4B78-BD93-FADC232FC1BF}.Ad-Hoc|iPhone.Deploy.0 = Release|Any CPU
		{0A81EFF6-6973-4B78-BD93-FADC232FC1BF}.Ad-Hoc|iPhoneSimulator.ActiveCfg = Release|Any CPU
		{0A81EFF6-6973-4B78-BD93-FADC232FC1BF}.Ad-Hoc|iPhoneSimulator.Build.0 = Release|Any CPU
		{0A81EFF6-6973-4B78-BD93-FADC232FC1BF}.Ad-Hoc|iPhoneSimulator.Deploy.0 = Release|Any CPU
		{0A81EFF6-6973-4B78-BD93-FADC232FC1BF}.Ad-Hoc|x64.ActiveCfg = Release|Any CPU
		{0A81EFF6-6973-4B78-BD93-FADC232FC1BF}.Ad-Hoc|x64.Build.0 = Release|Any CPU
		{0A81EFF6-6973-4B78-BD93-FADC232FC1BF}.Ad-Hoc|x64.Deploy.0 = Release|Any CPU
		{0A81EFF6-6973-4B78-BD93-FADC232FC1BF}.Ad-Hoc|x86.ActiveCfg = Release|Any CPU
		{0A81EFF6-6973-4B78-BD93-FADC232FC1BF}.Ad-Hoc|x86.Build.0 = Release|Any CPU
		{0A81EFF6-6973-4B78-BD93-FADC232FC1BF}.Ad-Hoc|x86.Deploy.0 = Release|Any CPU
		{0A81EFF6-6973-4B78-BD93-FADC232FC1BF}.AppStore|Any CPU.ActiveCfg = Release|Any CPU
		{0A81EFF6-6973-4B78-BD93-FADC232FC1BF}.AppStore|Any CPU.Build.0 = Release|Any CPU
		{0A81EFF6-6973-4B78-BD93-FADC232FC1BF}.AppStore|Any CPU.Deploy.0 = Release|Any CPU
		{0A81EFF6-6973-4B78-BD93-FADC232FC1BF}.AppStore|ARM.ActiveCfg = Release|Any CPU
		{0A81EFF6-6973-4B78-BD93-FADC232FC1BF}.AppStore|ARM.Build.0 = Release|Any CPU
		{0A81EFF6-6973-4B78-BD93-FADC232FC1BF}.AppStore|ARM.Deploy.0 = Release|Any CPU
		{0A81EFF6-6973-4B78-BD93-FADC232FC1BF}.AppStore|iPhone.ActiveCfg = Release|Any CPU
		{0A81EFF6-6973-4B78-BD93-FADC232FC1BF}.AppStore|iPhone.Build.0 = Release|Any CPU
		{0A81EFF6-6973-4B78-BD93-FADC232FC1BF}.AppStore|iPhone.Deploy.0 = Release|Any CPU
		{0A81EFF6-6973-4B78-BD93-FADC232FC1BF}.AppStore|iPhoneSimulator.ActiveCfg = Release|Any CPU
		{0A81EFF6-6973-4B78-BD93-FADC232FC1BF}.AppStore|iPhoneSimulator.Build.0 = Release|Any CPU
		{0A81EFF6-6973-4B78-BD93-FADC232FC1BF}.AppStore|iPhoneSimulator.Deploy.0 = Release|Any CPU
		{0A81EFF6-6973-4B78-BD93-FADC232FC1BF}.AppStore|x64.ActiveCfg = Release|Any CPU
		{0A81EFF6-6973-4B78-BD93-FADC232FC1BF}.AppStore|x64.Build.0 = Release|Any CPU
		{0A81EFF6-6973-4B78-BD93-FADC232FC1BF}.AppStore|x64.Deploy.0 = Release|Any CPU
		{0A81EFF6-6973-4B78-BD93-FADC232FC1BF}.AppStore|x86.ActiveCfg = Release|Any CPU
		{0A81EFF6-6973-4B78-BD93-FADC232FC1BF}.AppStore|x86.Build.0 = Release|Any CPU
		{0A81EFF6-6973-4B78-BD93-FADC232FC1BF}.AppStore|x86.Deploy.0 = Release|Any CPU
		{0A81EFF6-6973-4B78-BD93-FADC232FC1BF}.Debug|Any CPU.ActiveCfg = Debug|Any CPU
		{0A81EFF6-6973-4B78-BD93-FADC232FC1BF}.Debug|Any CPU.Build.0 = Debug|Any CPU
		{0A81EFF6-6973-4B78-BD93-FADC232FC1BF}.Debug|Any CPU.Deploy.0 = Debug|Any CPU
		{0A81EFF6-6973-4B78-BD93-FADC232FC1BF}.Debug|ARM.ActiveCfg = Debug|Any CPU
		{0A81EFF6-6973-4B78-BD93-FADC232FC1BF}.Debug|ARM.Build.0 = Debug|Any CPU
		{0A81EFF6-6973-4B78-BD93-FADC232FC1BF}.Debug|ARM.Deploy.0 = Debug|Any CPU
		{0A81EFF6-6973-4B78-BD93-FADC232FC1BF}.Debug|iPhone.ActiveCfg = Debug|Any CPU
		{0A81EFF6-6973-4B78-BD93-FADC232FC1BF}.Debug|iPhone.Build.0 = Debug|Any CPU
		{0A81EFF6-6973-4B78-BD93-FADC232FC1BF}.Debug|iPhone.Deploy.0 = Debug|Any CPU
		{0A81EFF6-6973-4B78-BD93-FADC232FC1BF}.Debug|iPhoneSimulator.ActiveCfg = Debug|Any CPU
		{0A81EFF6-6973-4B78-BD93-FADC232FC1BF}.Debug|iPhoneSimulator.Build.0 = Debug|Any CPU
		{0A81EFF6-6973-4B78-BD93-FADC232FC1BF}.Debug|iPhoneSimulator.Deploy.0 = Debug|Any CPU
		{0A81EFF6-6973-4B78-BD93-FADC232FC1BF}.Debug|x64.ActiveCfg = Debug|Any CPU
		{0A81EFF6-6973-4B78-BD93-FADC232FC1BF}.Debug|x64.Build.0 = Debug|Any CPU
		{0A81EFF6-6973-4B78-BD93-FADC232FC1BF}.Debug|x64.Deploy.0 = Debug|Any CPU
		{0A81EFF6-6973-4B78-BD93-FADC232FC1BF}.Debug|x86.ActiveCfg = Debug|Any CPU
		{0A81EFF6-6973-4B78-BD93-FADC232FC1BF}.Debug|x86.Build.0 = Debug|Any CPU
		{0A81EFF6-6973-4B78-BD93-FADC232FC1BF}.Debug|x86.Deploy.0 = Debug|Any CPU
		{0A81EFF6-6973-4B78-BD93-FADC232FC1BF}.Release|Any CPU.ActiveCfg = Release|Any CPU
		{0A81EFF6-6973-4B78-BD93-FADC232FC1BF}.Release|Any CPU.Build.0 = Release|Any CPU
		{0A81EFF6-6973-4B78-BD93-FADC232FC1BF}.Release|Any CPU.Deploy.0 = Release|Any CPU
		{0A81EFF6-6973-4B78-BD93-FADC232FC1BF}.Release|ARM.ActiveCfg = Release|Any CPU
		{0A81EFF6-6973-4B78-BD93-FADC232FC1BF}.Release|ARM.Build.0 = Release|Any CPU
		{0A81EFF6-6973-4B78-BD93-FADC232FC1BF}.Release|ARM.Deploy.0 = Release|Any CPU
		{0A81EFF6-6973-4B78-BD93-FADC232FC1BF}.Release|iPhone.ActiveCfg = Release|Any CPU
		{0A81EFF6-6973-4B78-BD93-FADC232FC1BF}.Release|iPhone.Build.0 = Release|Any CPU
		{0A81EFF6-6973-4B78-BD93-FADC232FC1BF}.Release|iPhone.Deploy.0 = Release|Any CPU
		{0A81EFF6-6973-4B78-BD93-FADC232FC1BF}.Release|iPhoneSimulator.ActiveCfg = Release|Any CPU
		{0A81EFF6-6973-4B78-BD93-FADC232FC1BF}.Release|iPhoneSimulator.Build.0 = Release|Any CPU
		{0A81EFF6-6973-4B78-BD93-FADC232FC1BF}.Release|iPhoneSimulator.Deploy.0 = Release|Any CPU
		{0A81EFF6-6973-4B78-BD93-FADC232FC1BF}.Release|x64.ActiveCfg = Release|Any CPU
		{0A81EFF6-6973-4B78-BD93-FADC232FC1BF}.Release|x64.Build.0 = Release|Any CPU
		{0A81EFF6-6973-4B78-BD93-FADC232FC1BF}.Release|x64.Deploy.0 = Release|Any CPU
		{0A81EFF6-6973-4B78-BD93-FADC232FC1BF}.Release|x86.ActiveCfg = Release|Any CPU
		{0A81EFF6-6973-4B78-BD93-FADC232FC1BF}.Release|x86.Build.0 = Release|Any CPU
		{0A81EFF6-6973-4B78-BD93-FADC232FC1BF}.Release|x86.Deploy.0 = Release|Any CPU
		{F7497484-47DF-4CDE-8E4E-A12F1F6DC04B}.Ad-Hoc|Any CPU.ActiveCfg = Release|Any CPU
		{F7497484-47DF-4CDE-8E4E-A12F1F6DC04B}.Ad-Hoc|Any CPU.Build.0 = Release|Any CPU
		{F7497484-47DF-4CDE-8E4E-A12F1F6DC04B}.Ad-Hoc|ARM.ActiveCfg = Release|Any CPU
		{F7497484-47DF-4CDE-8E4E-A12F1F6DC04B}.Ad-Hoc|ARM.Build.0 = Release|Any CPU
		{F7497484-47DF-4CDE-8E4E-A12F1F6DC04B}.Ad-Hoc|iPhone.ActiveCfg = Release|Any CPU
		{F7497484-47DF-4CDE-8E4E-A12F1F6DC04B}.Ad-Hoc|iPhone.Build.0 = Release|Any CPU
		{F7497484-47DF-4CDE-8E4E-A12F1F6DC04B}.Ad-Hoc|iPhoneSimulator.ActiveCfg = Release|Any CPU
		{F7497484-47DF-4CDE-8E4E-A12F1F6DC04B}.Ad-Hoc|iPhoneSimulator.Build.0 = Release|Any CPU
		{F7497484-47DF-4CDE-8E4E-A12F1F6DC04B}.Ad-Hoc|x64.ActiveCfg = Release|Any CPU
		{F7497484-47DF-4CDE-8E4E-A12F1F6DC04B}.Ad-Hoc|x64.Build.0 = Release|Any CPU
		{F7497484-47DF-4CDE-8E4E-A12F1F6DC04B}.Ad-Hoc|x86.ActiveCfg = Release|Any CPU
		{F7497484-47DF-4CDE-8E4E-A12F1F6DC04B}.Ad-Hoc|x86.Build.0 = Release|Any CPU
		{F7497484-47DF-4CDE-8E4E-A12F1F6DC04B}.AppStore|Any CPU.ActiveCfg = Release|Any CPU
		{F7497484-47DF-4CDE-8E4E-A12F1F6DC04B}.AppStore|Any CPU.Build.0 = Release|Any CPU
		{F7497484-47DF-4CDE-8E4E-A12F1F6DC04B}.AppStore|ARM.ActiveCfg = Release|Any CPU
		{F7497484-47DF-4CDE-8E4E-A12F1F6DC04B}.AppStore|ARM.Build.0 = Release|Any CPU
		{F7497484-47DF-4CDE-8E4E-A12F1F6DC04B}.AppStore|iPhone.ActiveCfg = Release|Any CPU
		{F7497484-47DF-4CDE-8E4E-A12F1F6DC04B}.AppStore|iPhone.Build.0 = Release|Any CPU
		{F7497484-47DF-4CDE-8E4E-A12F1F6DC04B}.AppStore|iPhoneSimulator.ActiveCfg = Release|Any CPU
		{F7497484-47DF-4CDE-8E4E-A12F1F6DC04B}.AppStore|iPhoneSimulator.Build.0 = Release|Any CPU
		{F7497484-47DF-4CDE-8E4E-A12F1F6DC04B}.AppStore|x64.ActiveCfg = Release|Any CPU
		{F7497484-47DF-4CDE-8E4E-A12F1F6DC04B}.AppStore|x64.Build.0 = Release|Any CPU
		{F7497484-47DF-4CDE-8E4E-A12F1F6DC04B}.AppStore|x86.ActiveCfg = Release|Any CPU
		{F7497484-47DF-4CDE-8E4E-A12F1F6DC04B}.AppStore|x86.Build.0 = Release|Any CPU
		{F7497484-47DF-4CDE-8E4E-A12F1F6DC04B}.Debug|Any CPU.ActiveCfg = Debug|Any CPU
		{F7497484-47DF-4CDE-8E4E-A12F1F6DC04B}.Debug|Any CPU.Build.0 = Debug|Any CPU
		{F7497484-47DF-4CDE-8E4E-A12F1F6DC04B}.Debug|ARM.ActiveCfg = Debug|Any CPU
		{F7497484-47DF-4CDE-8E4E-A12F1F6DC04B}.Debug|ARM.Build.0 = Debug|Any CPU
		{F7497484-47DF-4CDE-8E4E-A12F1F6DC04B}.Debug|iPhone.ActiveCfg = Debug|Any CPU
		{F7497484-47DF-4CDE-8E4E-A12F1F6DC04B}.Debug|iPhone.Build.0 = Debug|Any CPU
		{F7497484-47DF-4CDE-8E4E-A12F1F6DC04B}.Debug|iPhoneSimulator.ActiveCfg = Debug|Any CPU
		{F7497484-47DF-4CDE-8E4E-A12F1F6DC04B}.Debug|iPhoneSimulator.Build.0 = Debug|Any CPU
		{F7497484-47DF-4CDE-8E4E-A12F1F6DC04B}.Debug|x64.ActiveCfg = Debug|Any CPU
		{F7497484-47DF-4CDE-8E4E-A12F1F6DC04B}.Debug|x64.Build.0 = Debug|Any CPU
		{F7497484-47DF-4CDE-8E4E-A12F1F6DC04B}.Debug|x86.ActiveCfg = Debug|Any CPU
		{F7497484-47DF-4CDE-8E4E-A12F1F6DC04B}.Debug|x86.Build.0 = Debug|Any CPU
		{F7497484-47DF-4CDE-8E4E-A12F1F6DC04B}.Release|Any CPU.ActiveCfg = Release|Any CPU
		{F7497484-47DF-4CDE-8E4E-A12F1F6DC04B}.Release|Any CPU.Build.0 = Release|Any CPU
		{F7497484-47DF-4CDE-8E4E-A12F1F6DC04B}.Release|ARM.ActiveCfg = Release|Any CPU
		{F7497484-47DF-4CDE-8E4E-A12F1F6DC04B}.Release|ARM.Build.0 = Release|Any CPU
		{F7497484-47DF-4CDE-8E4E-A12F1F6DC04B}.Release|iPhone.ActiveCfg = Release|Any CPU
		{F7497484-47DF-4CDE-8E4E-A12F1F6DC04B}.Release|iPhone.Build.0 = Release|Any CPU
		{F7497484-47DF-4CDE-8E4E-A12F1F6DC04B}.Release|iPhoneSimulator.ActiveCfg = Release|Any CPU
		{F7497484-47DF-4CDE-8E4E-A12F1F6DC04B}.Release|iPhoneSimulator.Build.0 = Release|Any CPU
		{F7497484-47DF-4CDE-8E4E-A12F1F6DC04B}.Release|x64.ActiveCfg = Release|Any CPU
		{F7497484-47DF-4CDE-8E4E-A12F1F6DC04B}.Release|x64.Build.0 = Release|Any CPU
		{F7497484-47DF-4CDE-8E4E-A12F1F6DC04B}.Release|x86.ActiveCfg = Release|Any CPU
		{F7497484-47DF-4CDE-8E4E-A12F1F6DC04B}.Release|x86.Build.0 = Release|Any CPU
		{2AE3F602-E5AA-4C4C-AFB1-E032A9AA742E}.Ad-Hoc|Any CPU.ActiveCfg = Release|x86
		{2AE3F602-E5AA-4C4C-AFB1-E032A9AA742E}.Ad-Hoc|Any CPU.Build.0 = Release|x86
		{2AE3F602-E5AA-4C4C-AFB1-E032A9AA742E}.Ad-Hoc|Any CPU.Deploy.0 = Release|x86
		{2AE3F602-E5AA-4C4C-AFB1-E032A9AA742E}.Ad-Hoc|ARM.ActiveCfg = Release|ARM
		{2AE3F602-E5AA-4C4C-AFB1-E032A9AA742E}.Ad-Hoc|ARM.Build.0 = Release|ARM
		{2AE3F602-E5AA-4C4C-AFB1-E032A9AA742E}.Ad-Hoc|ARM.Deploy.0 = Release|ARM
		{2AE3F602-E5AA-4C4C-AFB1-E032A9AA742E}.Ad-Hoc|iPhone.ActiveCfg = Release|x86
		{2AE3F602-E5AA-4C4C-AFB1-E032A9AA742E}.Ad-Hoc|iPhone.Build.0 = Release|x86
		{2AE3F602-E5AA-4C4C-AFB1-E032A9AA742E}.Ad-Hoc|iPhone.Deploy.0 = Release|x86
		{2AE3F602-E5AA-4C4C-AFB1-E032A9AA742E}.Ad-Hoc|iPhoneSimulator.ActiveCfg = Release|x86
		{2AE3F602-E5AA-4C4C-AFB1-E032A9AA742E}.Ad-Hoc|iPhoneSimulator.Build.0 = Release|x86
		{2AE3F602-E5AA-4C4C-AFB1-E032A9AA742E}.Ad-Hoc|iPhoneSimulator.Deploy.0 = Release|x86
		{2AE3F602-E5AA-4C4C-AFB1-E032A9AA742E}.Ad-Hoc|x64.ActiveCfg = Release|x64
		{2AE3F602-E5AA-4C4C-AFB1-E032A9AA742E}.Ad-Hoc|x64.Build.0 = Release|x64
		{2AE3F602-E5AA-4C4C-AFB1-E032A9AA742E}.Ad-Hoc|x64.Deploy.0 = Release|x64
		{2AE3F602-E5AA-4C4C-AFB1-E032A9AA742E}.Ad-Hoc|x86.ActiveCfg = Release|x86
		{2AE3F602-E5AA-4C4C-AFB1-E032A9AA742E}.Ad-Hoc|x86.Build.0 = Release|x86
		{2AE3F602-E5AA-4C4C-AFB1-E032A9AA742E}.Ad-Hoc|x86.Deploy.0 = Release|x86
		{2AE3F602-E5AA-4C4C-AFB1-E032A9AA742E}.AppStore|Any CPU.ActiveCfg = Release|x86
		{2AE3F602-E5AA-4C4C-AFB1-E032A9AA742E}.AppStore|Any CPU.Build.0 = Release|x86
		{2AE3F602-E5AA-4C4C-AFB1-E032A9AA742E}.AppStore|Any CPU.Deploy.0 = Release|x86
		{2AE3F602-E5AA-4C4C-AFB1-E032A9AA742E}.AppStore|ARM.ActiveCfg = Release|ARM
		{2AE3F602-E5AA-4C4C-AFB1-E032A9AA742E}.AppStore|ARM.Build.0 = Release|ARM
		{2AE3F602-E5AA-4C4C-AFB1-E032A9AA742E}.AppStore|ARM.Deploy.0 = Release|ARM
		{2AE3F602-E5AA-4C4C-AFB1-E032A9AA742E}.AppStore|iPhone.ActiveCfg = Release|x86
		{2AE3F602-E5AA-4C4C-AFB1-E032A9AA742E}.AppStore|iPhone.Build.0 = Release|x86
		{2AE3F602-E5AA-4C4C-AFB1-E032A9AA742E}.AppStore|iPhone.Deploy.0 = Release|x86
		{2AE3F602-E5AA-4C4C-AFB1-E032A9AA742E}.AppStore|iPhoneSimulator.ActiveCfg = Release|x86
		{2AE3F602-E5AA-4C4C-AFB1-E032A9AA742E}.AppStore|iPhoneSimulator.Build.0 = Release|x86
		{2AE3F602-E5AA-4C4C-AFB1-E032A9AA742E}.AppStore|iPhoneSimulator.Deploy.0 = Release|x86
		{2AE3F602-E5AA-4C4C-AFB1-E032A9AA742E}.AppStore|x64.ActiveCfg = Release|x64
		{2AE3F602-E5AA-4C4C-AFB1-E032A9AA742E}.AppStore|x64.Build.0 = Release|x64
		{2AE3F602-E5AA-4C4C-AFB1-E032A9AA742E}.AppStore|x64.Deploy.0 = Release|x64
		{2AE3F602-E5AA-4C4C-AFB1-E032A9AA742E}.AppStore|x86.ActiveCfg = Release|x86
		{2AE3F602-E5AA-4C4C-AFB1-E032A9AA742E}.AppStore|x86.Build.0 = Release|x86
		{2AE3F602-E5AA-4C4C-AFB1-E032A9AA742E}.AppStore|x86.Deploy.0 = Release|x86
		{2AE3F602-E5AA-4C4C-AFB1-E032A9AA742E}.Debug|Any CPU.ActiveCfg = Debug|x86
		{2AE3F602-E5AA-4C4C-AFB1-E032A9AA742E}.Debug|Any CPU.Build.0 = Debug|x86
		{2AE3F602-E5AA-4C4C-AFB1-E032A9AA742E}.Debug|Any CPU.Deploy.0 = Debug|x86
		{2AE3F602-E5AA-4C4C-AFB1-E032A9AA742E}.Debug|ARM.ActiveCfg = Debug|ARM
		{2AE3F602-E5AA-4C4C-AFB1-E032A9AA742E}.Debug|ARM.Build.0 = Debug|ARM
		{2AE3F602-E5AA-4C4C-AFB1-E032A9AA742E}.Debug|ARM.Deploy.0 = Debug|ARM
		{2AE3F602-E5AA-4C4C-AFB1-E032A9AA742E}.Debug|iPhone.ActiveCfg = Debug|x86
		{2AE3F602-E5AA-4C4C-AFB1-E032A9AA742E}.Debug|iPhoneSimulator.ActiveCfg = Debug|x86
		{2AE3F602-E5AA-4C4C-AFB1-E032A9AA742E}.Debug|x64.ActiveCfg = Debug|x64
		{2AE3F602-E5AA-4C4C-AFB1-E032A9AA742E}.Debug|x64.Build.0 = Debug|x64
		{2AE3F602-E5AA-4C4C-AFB1-E032A9AA742E}.Debug|x64.Deploy.0 = Debug|x64
		{2AE3F602-E5AA-4C4C-AFB1-E032A9AA742E}.Debug|x86.ActiveCfg = Debug|x86
		{2AE3F602-E5AA-4C4C-AFB1-E032A9AA742E}.Debug|x86.Build.0 = Debug|x86
		{2AE3F602-E5AA-4C4C-AFB1-E032A9AA742E}.Debug|x86.Deploy.0 = Debug|x86
		{2AE3F602-E5AA-4C4C-AFB1-E032A9AA742E}.Release|Any CPU.ActiveCfg = Release|x86
		{2AE3F602-E5AA-4C4C-AFB1-E032A9AA742E}.Release|ARM.ActiveCfg = Release|ARM
		{2AE3F602-E5AA-4C4C-AFB1-E032A9AA742E}.Release|ARM.Build.0 = Release|ARM
		{2AE3F602-E5AA-4C4C-AFB1-E032A9AA742E}.Release|ARM.Deploy.0 = Release|ARM
		{2AE3F602-E5AA-4C4C-AFB1-E032A9AA742E}.Release|iPhone.ActiveCfg = Release|x86
		{2AE3F602-E5AA-4C4C-AFB1-E032A9AA742E}.Release|iPhoneSimulator.ActiveCfg = Release|x86
		{2AE3F602-E5AA-4C4C-AFB1-E032A9AA742E}.Release|x64.ActiveCfg = Release|x64
		{2AE3F602-E5AA-4C4C-AFB1-E032A9AA742E}.Release|x64.Build.0 = Release|x64
		{2AE3F602-E5AA-4C4C-AFB1-E032A9AA742E}.Release|x64.Deploy.0 = Release|x64
		{2AE3F602-E5AA-4C4C-AFB1-E032A9AA742E}.Release|x86.ActiveCfg = Release|x86
		{2AE3F602-E5AA-4C4C-AFB1-E032A9AA742E}.Release|x86.Build.0 = Release|x86
		{2AE3F602-E5AA-4C4C-AFB1-E032A9AA742E}.Release|x86.Deploy.0 = Release|x86
		{C6240D20-C95B-494C-A3A5-3AD51F98128E}.Ad-Hoc|Any CPU.ActiveCfg = Ad-Hoc|iPhoneSimulator
		{C6240D20-C95B-494C-A3A5-3AD51F98128E}.Ad-Hoc|ARM.ActiveCfg = Ad-Hoc|iPhone
		{C6240D20-C95B-494C-A3A5-3AD51F98128E}.Ad-Hoc|iPhone.ActiveCfg = Ad-Hoc|iPhone
		{C6240D20-C95B-494C-A3A5-3AD51F98128E}.Ad-Hoc|iPhone.Build.0 = Ad-Hoc|iPhone
		{C6240D20-C95B-494C-A3A5-3AD51F98128E}.Ad-Hoc|iPhoneSimulator.ActiveCfg = Ad-Hoc|iPhoneSimulator
		{C6240D20-C95B-494C-A3A5-3AD51F98128E}.Ad-Hoc|iPhoneSimulator.Build.0 = Ad-Hoc|iPhoneSimulator
		{C6240D20-C95B-494C-A3A5-3AD51F98128E}.Ad-Hoc|x64.ActiveCfg = Ad-Hoc|iPhone
		{C6240D20-C95B-494C-A3A5-3AD51F98128E}.Ad-Hoc|x86.ActiveCfg = Ad-Hoc|iPhone
		{C6240D20-C95B-494C-A3A5-3AD51F98128E}.AppStore|Any CPU.ActiveCfg = AppStore|iPhoneSimulator
		{C6240D20-C95B-494C-A3A5-3AD51F98128E}.AppStore|ARM.ActiveCfg = AppStore|iPhone
		{C6240D20-C95B-494C-A3A5-3AD51F98128E}.AppStore|iPhone.ActiveCfg = AppStore|iPhone
		{C6240D20-C95B-494C-A3A5-3AD51F98128E}.AppStore|iPhone.Build.0 = AppStore|iPhone
		{C6240D20-C95B-494C-A3A5-3AD51F98128E}.AppStore|iPhoneSimulator.ActiveCfg = AppStore|iPhoneSimulator
		{C6240D20-C95B-494C-A3A5-3AD51F98128E}.AppStore|iPhoneSimulator.Build.0 = AppStore|iPhoneSimulator
		{C6240D20-C95B-494C-A3A5-3AD51F98128E}.AppStore|x64.ActiveCfg = AppStore|iPhone
		{C6240D20-C95B-494C-A3A5-3AD51F98128E}.AppStore|x86.ActiveCfg = AppStore|iPhone
		{C6240D20-C95B-494C-A3A5-3AD51F98128E}.Debug|Any CPU.ActiveCfg = Debug|iPhoneSimulator
		{C6240D20-C95B-494C-A3A5-3AD51F98128E}.Debug|Any CPU.Build.0 = Debug|iPhoneSimulator
		{C6240D20-C95B-494C-A3A5-3AD51F98128E}.Debug|ARM.ActiveCfg = Debug|iPhone
		{C6240D20-C95B-494C-A3A5-3AD51F98128E}.Debug|iPhone.ActiveCfg = Debug|iPhone
		{C6240D20-C95B-494C-A3A5-3AD51F98128E}.Debug|iPhone.Build.0 = Debug|iPhone
		{C6240D20-C95B-494C-A3A5-3AD51F98128E}.Debug|iPhoneSimulator.ActiveCfg = Debug|iPhoneSimulator
		{C6240D20-C95B-494C-A3A5-3AD51F98128E}.Debug|iPhoneSimulator.Build.0 = Debug|iPhoneSimulator
		{C6240D20-C95B-494C-A3A5-3AD51F98128E}.Debug|x64.ActiveCfg = Debug|iPhone
		{C6240D20-C95B-494C-A3A5-3AD51F98128E}.Debug|x86.ActiveCfg = Debug|iPhone
		{C6240D20-C95B-494C-A3A5-3AD51F98128E}.Release|Any CPU.ActiveCfg = Release|iPhoneSimulator
		{C6240D20-C95B-494C-A3A5-3AD51F98128E}.Release|ARM.ActiveCfg = Release|iPhone
		{C6240D20-C95B-494C-A3A5-3AD51F98128E}.Release|iPhone.ActiveCfg = Release|iPhone
		{C6240D20-C95B-494C-A3A5-3AD51F98128E}.Release|iPhone.Build.0 = Release|iPhone
		{C6240D20-C95B-494C-A3A5-3AD51F98128E}.Release|iPhoneSimulator.ActiveCfg = Release|iPhoneSimulator
		{C6240D20-C95B-494C-A3A5-3AD51F98128E}.Release|iPhoneSimulator.Build.0 = Release|iPhoneSimulator
		{C6240D20-C95B-494C-A3A5-3AD51F98128E}.Release|x64.ActiveCfg = Release|iPhone
		{C6240D20-C95B-494C-A3A5-3AD51F98128E}.Release|x86.ActiveCfg = Release|iPhone
	EndGlobalSection
	GlobalSection(SolutionProperties) = preSolution
		HideSolutionNode = FALSE
	EndGlobalSection
	GlobalSection(ExtensibilityGlobals) = postSolution
		SolutionGuid = {BFC765D8-A837-42D2-B167-A9C99FAC1234}
	EndGlobalSection
EndGlobal
